
Microsoft Visual Studio Solution File, Format Version 12.00
# Visual Studio Version 17
VisualStudioVersion = 17.0.31903.59
MinimumVisualStudioVersion = 10.0.40219.1
Project("{2150E333-8FDC-42A3-9474-1A3956D46DE8}") = "src", "src", "{827E0CD3-B72D-47B6-A68D-7590B98EB39B}"
EndProject
Project("{FAE04EC0-301F-11D3-BF4B-00C04F79EFBC}") = "FraudEngine.Domain", "src\FraudEngine.Domain\FraudEngine.Domain.csproj", "{B337A88A-AAEA-4FAD-B48F-CAAD8E15EC42}"
EndProject
Project("{FAE04EC0-301F-11D3-BF4B-00C04F79EFBC}") = "FraudEngine.Application", "src\FraudEngine.Application\FraudEngine.Application.csproj", "{4D85B3ED-F036-436D-A564-71E2D0BBE2CC}"
EndProject
Project("{FAE04EC0-301F-11D3-BF4B-00C04F79EFBC}") = "FraudEngine.Infrastructure", "src\FraudEngine.Infrastructure\FraudEngine.Infrastructure.csproj", "{A21234F5-E7FE-41E7-84A2-FB16F0D090F2}"
EndProject
Project("{FAE04EC0-301F-11D3-BF4B-00C04F79EFBC}") = "FraudEngine.API", "src\FraudEngine.API\FraudEngine.API.csproj", "{E7A9A1F1-5CA5-4E55-A5B0-BFC6CFFCDB9C}"
EndProject
Project("{2150E333-8FDC-42A3-9474-1A3956D46DE8}") = "tests", "tests", "{0AB3BF05-4346-4AA6-1389-037BE0695223}"
EndProject
Project("{FAE04EC0-301F-11D3-BF4B-00C04F79EFBC}") = "FraudEngine.Domain.Tests", "tests\FraudEngine.Domain.Tests\FraudEngine.Domain.Tests.csproj", "{8E2360EF-6613-424C-866E-3F178453AF17}"
EndProject
Project("{FAE04EC0-301F-11D3-BF4B-00C04F79EFBC}") = "FraudEngine.Application.Tests", "tests\FraudEngine.Application.Tests\FraudEngine.Application.Tests.csproj", "{8E5F7EBB-C05B-46DB-A023-5A880836BCBB}"
EndProject
Project("{FAE04EC0-301F-11D3-BF4B-00C04F79EFBC}") = "FraudEngine.API.Tests", "tests\FraudEngine.API.Tests\FraudEngine.API.Tests.csproj", "{B5FE6925-68E8-4113-AAB9-810D286AD954}"
EndProject
Global
	GlobalSection(SolutionConfigurationPlatforms) = preSolution
		Debug|Any CPU = Debug|Any CPU
		Debug|x64 = Debug|x64
		Debug|x86 = Debug|x86
		Release|Any CPU = Release|Any CPU
		Release|x64 = Release|x64
		Release|x86 = Release|x86
	EndGlobalSection
	GlobalSection(ProjectConfigurationPlatforms) = postSolution
		{B337A88A-AAEA-4FAD-B48F-CAAD8E15EC42}.Debug|Any CPU.ActiveCfg = Debug|Any CPU
		{B337A88A-AAEA-4FAD-B48F-CAAD8E15EC42}.Debug|Any CPU.Build.0 = Debug|Any CPU
		{B337A88A-AAEA-4FAD-B48F-CAAD8E15EC42}.Debug|x64.ActiveCfg = Debug|Any CPU
		{B337A88A-AAEA-4FAD-B48F-CAAD8E15EC42}.Debug|x64.Build.0 = Debug|Any CPU
		{B337A88A-AAEA-4FAD-B48F-CAAD8E15EC42}.Debug|x86.ActiveCfg = Debug|Any CPU
		{B337A88A-AAEA-4FAD-B48F-CAAD8E15EC42}.Debug|x86.Build.0 = Debug|Any CPU
		{B337A88A-AAEA-4FAD-B48F-CAAD8E15EC42}.Release|Any CPU.ActiveCfg = Release|Any CPU
		{B337A88A-AAEA-4FAD-B48F-CAAD8E15EC42}.Release|Any CPU.Build.0 = Release|Any CPU
		{B337A88A-AAEA-4FAD-B48F-CAAD8E15EC42}.Release|x64.ActiveCfg = Release|Any CPU
		{B337A88A-AAEA-4FAD-B48F-CAAD8E15EC42}.Release|x64.Build.0 = Release|Any CPU
		{B337A88A-AAEA-4FAD-B48F-CAAD8E15EC42}.Release|x86.ActiveCfg = Release|Any CPU
		{B337A88A-AAEA-4FAD-B48F-CAAD8E15EC42}.Release|x86.Build.0 = Release|Any CPU
		{4D85B3ED-F036-436D-A564-71E2D0BBE2CC}.Debug|Any CPU.ActiveCfg = Debug|Any CPU
		{4D85B3ED-F036-436D-A564-71E2D0BBE2CC}.Debug|Any CPU.Build.0 = Debug|Any CPU
		{4D85B3ED-F036-436D-A564-71E2D0BBE2CC}.Debug|x64.ActiveCfg = Debug|Any CPU
		{4D85B3ED-F036-436D-A564-71E2D0BBE2CC}.Debug|x64.Build.0 = Debug|Any CPU
		{4D85B3ED-F036-436D-A564-71E2D0BBE2CC}.Debug|x86.ActiveCfg = Debug|Any CPU
		{4D85B3ED-F036-436D-A564-71E2D0BBE2CC}.Debug|x86.Build.0 = Debug|Any CPU
		{4D85B3ED-F036-436D-A564-71E2D0BBE2CC}.Release|Any CPU.ActiveCfg = Release|Any CPU
		{4D85B3ED-F036-436D-A564-71E2D0BBE2CC}.Release|Any CPU.Build.0 = Release|Any CPU
		{4D85B3ED-F036-436D-A564-71E2D0BBE2CC}.Release|x64.ActiveCfg = Release|Any CPU
		{4D85B3ED-F036-436D-A564-71E2D0BBE2CC}.Release|x64.Build.0 = Release|Any CPU
		{4D85B3ED-F036-436D-A564-71E2D0BBE2CC}.Release|x86.ActiveCfg = Release|Any CPU
		{4D85B3ED-F036-436D-A564-71E2D0BBE2CC}.Release|x86.Build.0 = Release|Any CPU
		{A21234F5-E7FE-41E7-84A2-FB16F0D090F2}.Debug|Any CPU.ActiveCfg = Debug|Any CPU
		{A21234F5-E7FE-41E7-84A2-FB16F0D090F2}.Debug|Any CPU.Build.0 = Debug|Any CPU
		{A21234F5-E7FE-41E7-84A2-FB16F0D090F2}.Debug|x64.ActiveCfg = Debug|Any CPU
		{A21234F5-E7FE-41E7-84A2-FB16F0D090F2}.Debug|x64.Build.0 = Debug|Any CPU
		{A21234F5-E7FE-41E7-84A2-FB16F0D090F2}.Debug|x86.ActiveCfg = Debug|Any CPU
		{A21234F5-E7FE-41E7-84A2-FB16F0D090F2}.Debug|x86.Build.0 = Debug|Any CPU
		{A21234F5-E7FE-41E7-84A2-FB16F0D090F2}.Release|Any CPU.ActiveCfg = Release|Any CPU
		{A21234F5-E7FE-41E7-84A2-FB16F0D090F2}.Release|Any CPU.Build.0 = Release|Any CPU
		{A21234F5-E7FE-41E7-84A2-FB16F0D090F2}.Release|x64.ActiveCfg = Release|Any CPU
		{A21234F5-E7FE-41E7-84A2-FB16F0D090F2}.Release|x64.Build.0 = Release|Any CPU
		{A21234F5-E7FE-41E7-84A2-FB16F0D090F2}.Release|x86.ActiveCfg = Release|Any CPU
		{A21234F5-E7FE-41E7-84A2-FB16F0D090F2}.Release|x86.Build.0 = Release|Any CPU
		{E7A9A1F1-5CA5-4E55-A5B0-BFC6CFFCDB9C}.Debug|Any CPU.ActiveCfg = Debug|Any CPU
		{E7A9A1F1-5CA5-4E55-A5B0-BFC6CFFCDB9C}.Debug|Any CPU.Build.0 = Debug|Any CPU
		{E7A9A1F1-5CA5-4E55-A5B0-BFC6CFFCDB9C}.Debug|x64.ActiveCfg = Debug|Any CPU
		{E7A9A1F1-5CA5-4E55-A5B0-BFC6CFFCDB9C}.Debug|x64.Build.0 = Debug|Any CPU
		{E7A9A1F1-5CA5-4E55-A5B0-BFC6CFFCDB9C}.Debug|x86.ActiveCfg = Debug|Any CPU
		{E7A9A1F1-5CA5-4E55-A5B0-BFC6CFFCDB9C}.Debug|x86.Build.0 = Debug|Any CPU
		{E7A9A1F1-5CA5-4E55-A5B0-BFC6CFFCDB9C}.Release|Any CPU.ActiveCfg = Release|Any CPU
		{E7A9A1F1-5CA5-4E55-A5B0-BFC6CFFCDB9C}.Release|Any CPU.Build.0 = Release|Any CPU
		{E7A9A1F1-5CA5-4E55-A5B0-BFC6CFFCDB9C}.Release|x64.ActiveCfg = Release|Any CPU
		{E7A9A1F1-5CA5-4E55-A5B0-BFC6CFFCDB9C}.Release|x64.Build.0 = Release|Any CPU
		{E7A9A1F1-5CA5-4E55-A5B0-BFC6CFFCDB9C}.Release|x86.ActiveCfg = Release|Any CPU
		{E7A9A1F1-5CA5-4E55-A5B0-BFC6CFFCDB9C}.Release|x86.Build.0 = Release|Any CPU
		{8E2360EF-6613-424C-866E-3F178453AF17}.Debug|Any CPU.ActiveCfg = Debug|Any CPU
		{8E2360EF-6613-424C-866E-3F178453AF17}.Debug|Any CPU.Build.0 = Debug|Any CPU
		{8E2360EF-6613-424C-866E-3F178453AF17}.Debug|x64.ActiveCfg = Debug|Any CPU
		{8E2360EF-6613-424C-866E-3F178453AF17}.Debug|x64.Build.0 = Debug|Any CPU
		{8E2360EF-6613-424C-866E-3F178453AF17}.Debug|x86.ActiveCfg = Debug|Any CPU
		{8E2360EF-6613-424C-866E-3F178453AF17}.Debug|x86.Build.0 = Debug|Any CPU
		{8E2360EF-6613-424C-866E-3F178453AF17}.Release|Any CPU.ActiveCfg = Release|Any CPU
		{8E2360EF-6613-424C-866E-3F178453AF17}.Release|Any CPU.Build.0 = Release|Any CPU
		{8E2360EF-6613-424C-866E-3F178453AF17}.Release|x64.ActiveCfg = Release|Any CPU
		{8E2360EF-6613-424C-866E-3F178453AF17}.Release|x64.Build.0 = Release|Any CPU
		{8E2360EF-6613-424C-866E-3F178453AF17}.Release|x86.ActiveCfg = Release|Any CPU
		{8E2360EF-6613-424C-866E-3F178453AF17}.Release|x86.Build.0 = Release|Any CPU
		{8E5F7EBB-C05B-46DB-A023-5A880836BCBB}.Debug|Any CPU.ActiveCfg = Debug|Any CPU
		{8E5F7EBB-C05B-46DB-A023-5A880836BCBB}.Debug|Any CPU.Build.0 = Debug|Any CPU
		{8E5F7EBB-C05B-46DB-A023-5A880836BCBB}.Debug|x64.ActiveCfg = Debug|Any CPU
		{8E5F7EBB-C05B-46DB-A023-5A880836BCBB}.Debug|x64.Build.0 = Debug|Any CPU
		{8E5F7EBB-C05B-46DB-A023-5A880836BCBB}.Debug|x86.ActiveCfg = Debug|Any CPU
		{8E5F7EBB-C05B-46DB-A023-5A880836BCBB}.Debug|x86.Build.0 = Debug|Any CPU
		{8E5F7EBB-C05B-46DB-A023-5A880836BCBB}.Release|Any CPU.ActiveCfg = Release|Any CPU
		{8E5F7EBB-C05B-46DB-A023-5A880836BCBB}.Release|Any CPU.Build.0 = Release|Any CPU
		{8E5F7EBB-C05B-46DB-A023-5A880836BCBB}.Release|x64.ActiveCfg = Release|Any CPU
		{8E5F7EBB-C05B-46DB-A023-5A880836BCBB}.Release|x64.Build.0 = Release|Any CPU
		{8E5F7EBB-C05B-46DB-A023-5A880836BCBB}.Release|x86.ActiveCfg = Release|Any CPU
		{8E5F7EBB-C05B-46DB-A023-5A880836BCBB}.Release|x86.Build.0 = Release|Any CPU
		{B5FE6925-68E8-4113-AAB9-810D286AD954}.Debug|Any CPU.ActiveCfg = Debug|Any CPU
		{B5FE6925-68E8-4113-AAB9-810D286AD954}.Debug|Any CPU.Build.0 = Debug|Any CPU
		{B5FE6925-68E8-4113-AAB9-810D286AD954}.Debug|x64.ActiveCfg = Debug|Any CPU
		{B5FE6925-68E8-4113-AAB9-810D286AD954}.Debug|x64.Build.0 = Debug|Any CPU
		{B5FE6925-68E8-4113-AAB9-810D286AD954}.Debug|x86.ActiveCfg = Debug|Any CPU
		{B5FE6925-68E8-4113-AAB9-810D286AD954}.Debug|x86.Build.0 = Debug|Any CPU
		{B5FE6925-68E8-4113-AAB9-810D286AD954}.Release|Any CPU.ActiveCfg = Release|Any CPU
		{B5FE6925-68E8-4113-AAB9-810D286AD954}.Release|Any CPU.Build.0 = Release|Any CPU
		{B5FE6925-68E8-4113-AAB9-810D286AD954}.Release|x64.ActiveCfg = Release|Any CPU
		{B5FE6925-68E8-4113-AAB9-810D286AD954}.Release|x64.Build.0 = Release|Any CPU
		{B5FE6925-68E8-4113-AAB9-810D286AD954}.Release|x86.ActiveCfg = Release|Any CPU
		{B5FE6925-68E8-4113-AAB9-810D286AD954}.Release|x86.Build.0 = Release|Any CPU
	EndGlobalSection
	GlobalSection(SolutionProperties) = preSolution
		HideSolutionNode = FALSE
	EndGlobalSection
	GlobalSection(NestedProjects) = preSolution
		{B337A88A-AAEA-4FAD-B48F-CAAD8E15EC42} = {827E0CD3-B72D-47B6-A68D-7590B98EB39B}
		{4D85B3ED-F036-436D-A564-71E2D0BBE2CC} = {827E0CD3-B72D-47B6-A68D-7590B98EB39B}
		{A21234F5-E7FE-41E7-84A2-FB16F0D090F2} = {827E0CD3-B72D-47B6-A68D-7590B98EB39B}
		{E7A9A1F1-5CA5-4E55-A5B0-BFC6CFFCDB9C} = {827E0CD3-B72D-47B6-A68D-7590B98EB39B}
		{8E2360EF-6613-424C-866E-3F178453AF17} = {0AB3BF05-4346-4AA6-1389-037BE0695223}
		{8E5F7EBB-C05B-46DB-A023-5A880836BCBB} = {0AB3BF05-4346-4AA6-1389-037BE0695223}
		{B5FE6925-68E8-4113-AAB9-810D286AD954} = {0AB3BF05-4346-4AA6-1389-037BE0695223}
	EndGlobalSection
EndGlobal
